
Microsoft Visual Studio Solution File, Format Version 12.00
# Visual Studio Version 16
VisualStudioVersion = 16.0.29230.47
MinimumVisualStudioVersion = 10.0.40219.1
Project("{9A19103F-16F7-4668-BE54-9A1E7A4F7556}") = "Dawdle.API", "Dawdle.API\Dawdle.API.csproj", "{B43F0757-887C-45FF-BCC5-33BB47C17BF9}"
EndProject
Project("{9A19103F-16F7-4668-BE54-9A1E7A4F7556}") = "Dawdle.API.Test", "Dawdle.API.Test\Dawdle.API.Test.csproj", "{7DB1BF57-6144-4286-B57C-8DB47B62EE14}"
EndProject
Project("{9A19103F-16F7-4668-BE54-9A1E7A4F7556}") = "Dawdle.Database", "Dawdle.Database\Dawdle.Database.csproj", "{5D424DCC-5E78-4744-BE61-D46CF50323B5}"
EndProject
Project("{9A19103F-16F7-4668-BE54-9A1E7A4F7556}") = "Dawdle.Database.Test", "Dawdle.Database.Test\Dawdle.Database.Test.csproj", "{B906F106-E648-4735-9667-CADA17E888E5}"
EndProject
Project("{9A19103F-16F7-4668-BE54-9A1E7A4F7556}") = "Dawdle.Service", "Dawdle.Service\Dawdle.Service.csproj", "{ED5F3F8D-49B3-4CE5-BF7E-A85B5EEEB805}"
EndProject
Project("{9A19103F-16F7-4668-BE54-9A1E7A4F7556}") = "Dawdle.Service.Test", "Dawdle.Service.Test\Dawdle.Service.Test.csproj", "{51DF6696-6515-4E70-9074-05EF38E19A5D}"
EndProject
Project("{9A19103F-16F7-4668-BE54-9A1E7A4F7556}") = "Dawdle.Core", "Dawdle.Core\Dawdle.Core.csproj", "{DB1B3CBD-44EF-411C-A70F-CE6EFE0E81FA}"
EndProject
Project("{9A19103F-16F7-4668-BE54-9A1E7A4F7556}") = "Dawdle.Core.Test", "Dawdle.Core.Test\Dawdle.Core.Test.csproj", "{DDB20B53-79A8-4D12-AB6C-5ED81C9C54B3}"
EndProject
Project("{E53339B2-1760-4266-BCC7-CA923CBCF16C}") = "docker-compose", "docker-compose.dcproj", "{6344915D-C418-4076-84D8-91E9BAF4220F}"
EndProject
Global
	GlobalSection(SolutionConfigurationPlatforms) = preSolution
		Debug|Any CPU = Debug|Any CPU
		Release|Any CPU = Release|Any CPU
	EndGlobalSection
	GlobalSection(ProjectConfigurationPlatforms) = postSolution
		{B43F0757-887C-45FF-BCC5-33BB47C17BF9}.Debug|Any CPU.ActiveCfg = Debug|Any CPU
		{B43F0757-887C-45FF-BCC5-33BB47C17BF9}.Debug|Any CPU.Build.0 = Debug|Any CPU
		{B43F0757-887C-45FF-BCC5-33BB47C17BF9}.Release|Any CPU.ActiveCfg = Release|Any CPU
		{B43F0757-887C-45FF-BCC5-33BB47C17BF9}.Release|Any CPU.Build.0 = Release|Any CPU
		{7DB1BF57-6144-4286-B57C-8DB47B62EE14}.Debug|Any CPU.ActiveCfg = Debug|Any CPU
		{7DB1BF57-6144-4286-B57C-8DB47B62EE14}.Debug|Any CPU.Build.0 = Debug|Any CPU
		{7DB1BF57-6144-4286-B57C-8DB47B62EE14}.Release|Any CPU.ActiveCfg = Release|Any CPU
		{7DB1BF57-6144-4286-B57C-8DB47B62EE14}.Release|Any CPU.Build.0 = Release|Any CPU
		{5D424DCC-5E78-4744-BE61-D46CF50323B5}.Debug|Any CPU.ActiveCfg = Debug|Any CPU
		{5D424DCC-5E78-4744-BE61-D46CF50323B5}.Debug|Any CPU.Build.0 = Debug|Any CPU
		{5D424DCC-5E78-4744-BE61-D46CF50323B5}.Release|Any CPU.ActiveCfg = Release|Any CPU
		{5D424DCC-5E78-4744-BE61-D46CF50323B5}.Release|Any CPU.Build.0 = Release|Any CPU
		{B906F106-E648-4735-9667-CADA17E888E5}.Debug|Any CPU.ActiveCfg = Debug|Any CPU
		{B906F106-E648-4735-9667-CADA17E888E5}.Debug|Any CPU.Build.0 = Debug|Any CPU
		{B906F106-E648-4735-9667-CADA17E888E5}.Release|Any CPU.ActiveCfg = Release|Any CPU
		{B906F106-E648-4735-9667-CADA17E888E5}.Release|Any CPU.Build.0 = Release|Any CPU
		{ED5F3F8D-49B3-4CE5-BF7E-A85B5EEEB805}.Debug|Any CPU.ActiveCfg = Debug|Any CPU
		{ED5F3F8D-49B3-4CE5-BF7E-A85B5EEEB805}.Debug|Any CPU.Build.0 = Debug|Any CPU
		{ED5F3F8D-49B3-4CE5-BF7E-A85B5EEEB805}.Release|Any CPU.ActiveCfg = Release|Any CPU
		{ED5F3F8D-49B3-4CE5-BF7E-A85B5EEEB805}.Release|Any CPU.Build.0 = Release|Any CPU
		{51DF6696-6515-4E70-9074-05EF38E19A5D}.Debug|Any CPU.ActiveCfg = Debug|Any CPU
		{51DF6696-6515-4E70-9074-05EF38E19A5D}.Debug|Any CPU.Build.0 = Debug|Any CPU
		{51DF6696-6515-4E70-9074-05EF38E19A5D}.Release|Any CPU.ActiveCfg = Release|Any CPU
		{51DF6696-6515-4E70-9074-05EF38E19A5D}.Release|Any CPU.Build.0 = Release|Any CPU
		{DB1B3CBD-44EF-411C-A70F-CE6EFE0E81FA}.Debug|Any CPU.ActiveCfg = Debug|Any CPU
		{DB1B3CBD-44EF-411C-A70F-CE6EFE0E81FA}.Debug|Any CPU.Build.0 = Debug|Any CPU
		{DB1B3CBD-44EF-411C-A70F-CE6EFE0E81FA}.Release|Any CPU.ActiveCfg = Release|Any CPU
		{DB1B3CBD-44EF-411C-A70F-CE6EFE0E81FA}.Release|Any CPU.Build.0 = Release|Any CPU
		{DDB20B53-79A8-4D12-AB6C-5ED81C9C54B3}.Debug|Any CPU.ActiveCfg = Debug|Any CPU
		{DDB20B53-79A8-4D12-AB6C-5ED81C9C54B3}.Debug|Any CPU.Build.0 = Debug|Any CPU
		{DDB20B53-79A8-4D12-AB6C-5ED81C9C54B3}.Release|Any CPU.ActiveCfg = Release|Any CPU
		{DDB20B53-79A8-4D12-AB6C-5ED81C9C54B3}.Release|Any CPU.Build.0 = Release|Any CPU
		{6344915D-C418-4076-84D8-91E9BAF4220F}.Debug|Any CPU.ActiveCfg = Debug|Any CPU
		{6344915D-C418-4076-84D8-91E9BAF4220F}.Debug|Any CPU.Build.0 = Debug|Any CPU
		{6344915D-C418-4076-84D8-91E9BAF4220F}.Release|Any CPU.ActiveCfg = Release|Any CPU
		{6344915D-C418-4076-84D8-91E9BAF4220F}.Release|Any CPU.Build.0 = Release|Any CPU
	EndGlobalSection
	GlobalSection(SolutionProperties) = preSolution
		HideSolutionNode = FALSE
	EndGlobalSection
	GlobalSection(ExtensibilityGlobals) = postSolution
		SolutionGuid = {6CF50E40-52D7-46B2-BD57-881001E8B6A5}
	EndGlobalSection
EndGlobal
