
Microsoft Visual Studio Solution File, Format Version 12.00
# Visual Studio Version 16
VisualStudioVersion = 16.0.29230.47
MinimumVisualStudioVersion = 10.0.40219.1
Project("{9A19103F-16F7-4668-BE54-9A1E7A4F7556}") = "Dawdle.API", "Dawdle.API\Dawdle.API.csproj", "{B43F0757-887C-45FF-BCC5-33BB47C17BF9}"
EndProject
Project("{9A19103F-16F7-4668-BE54-9A1E7A4F7556}") = "Dawdle.API.Test", "Dawdle.API.Test\Dawdle.API.Test.csproj", "{7DB1BF57-6144-4286-B57C-8DB47B62EE14}"
EndProject
Project("{9A19103F-16F7-4668-BE54-9A1E7A4F7556}") = "Dawdle.Database", "Dawdle.Database\Dawdle.Database.csproj", "{5D424DCC-5E78-4744-BE61-D46CF50323B5}"
EndProject
Project("{9A19103F-16F7-4668-BE54-9A1E7A4F7556}") = "Dawdle.Database.Test", "Dawdle.Database.Test\Dawdle.Database.Test.csproj", "{B906F106-E648-4735-9667-CADA17E888E5}"
EndProject
Project("{9A19103F-16F7-4668-BE54-9A1E7A4F7556}") = "Dawdle.Logic", "Dawdle.Logic\Dawdle.Logic.csproj", "{FBCBD689-4F6A-439E-85D2-7DBC80E3FA49}"
EndProject
Project("{9A19103F-16F7-4668-BE54-9A1E7A4F7556}") = "Dawdle.Logic.Test", "Dawdle.Logic.Test\Dawdle.Logic.Test.csproj", "{C4577C2D-6713-46A7-85F6-9976334E3316}"
EndProject
Project("{9A19103F-16F7-4668-BE54-9A1E7A4F7556}") = "Dawdle.Service", "Dawdle.Service\Dawdle.Service.csproj", "{ED5F3F8D-49B3-4CE5-BF7E-A85B5EEEB805}"
EndProject
Project("{9A19103F-16F7-4668-BE54-9A1E7A4F7556}") = "Dawdle.Service.Test", "Dawdle.Service.Test\Dawdle.Service.Test.csproj", "{51DF6696-6515-4E70-9074-05EF38E19A5D}"
EndProject
Global
	GlobalSection(SolutionConfigurationPlatforms) = preSolution
		Debug|Any CPU = Debug|Any CPU
		Release|Any CPU = Release|Any CPU
	EndGlobalSection
	GlobalSection(ProjectConfigurationPlatforms) = postSolution
		{B43F0757-887C-45FF-BCC5-33BB47C17BF9}.Debug|Any CPU.ActiveCfg = Debug|Any CPU
		{B43F0757-887C-45FF-BCC5-33BB47C17BF9}.Debug|Any CPU.Build.0 = Debug|Any CPU
		{B43F0757-887C-45FF-BCC5-33BB47C17BF9}.Release|Any CPU.ActiveCfg = Release|Any CPU
		{B43F0757-887C-45FF-BCC5-33BB47C17BF9}.Release|Any CPU.Build.0 = Release|Any CPU
		{7DB1BF57-6144-4286-B57C-8DB47B62EE14}.Debug|Any CPU.ActiveCfg = Debug|Any CPU
		{7DB1BF57-6144-4286-B57C-8DB47B62EE14}.Debug|Any CPU.Build.0 = Debug|Any CPU
		{7DB1BF57-6144-4286-B57C-8DB47B62EE14}.Release|Any CPU.ActiveCfg = Release|Any CPU
		{7DB1BF57-6144-4286-B57C-8DB47B62EE14}.Release|Any CPU.Build.0 = Release|Any CPU
		{5D424DCC-5E78-4744-BE61-D46CF50323B5}.Debug|Any CPU.ActiveCfg = Debug|Any CPU
		{5D424DCC-5E78-4744-BE61-D46CF50323B5}.Debug|Any CPU.Build.0 = Debug|Any CPU
		{5D424DCC-5E78-4744-BE61-D46CF50323B5}.Release|Any CPU.ActiveCfg = Release|Any CPU
		{5D424DCC-5E78-4744-BE61-D46CF50323B5}.Release|Any CPU.Build.0 = Release|Any CPU
		{B906F106-E648-4735-9667-CADA17E888E5}.Debug|Any CPU.ActiveCfg = Debug|Any CPU
		{B906F106-E648-4735-9667-CADA17E888E5}.Debug|Any CPU.Build.0 = Debug|Any CPU
		{B906F106-E648-4735-9667-CADA17E888E5}.Release|Any CPU.ActiveCfg = Release|Any CPU
		{B906F106-E648-4735-9667-CADA17E888E5}.Release|Any CPU.Build.0 = Release|Any CPU
		{FBCBD689-4F6A-439E-85D2-7DBC80E3FA49}.Debug|Any CPU.ActiveCfg = Debug|Any CPU
		{FBCBD689-4F6A-439E-85D2-7DBC80E3FA49}.Debug|Any CPU.Build.0 = Debug|Any CPU
		{FBCBD689-4F6A-439E-85D2-7DBC80E3FA49}.Release|Any CPU.ActiveCfg = Release|Any CPU
		{FBCBD689-4F6A-439E-85D2-7DBC80E3FA49}.Release|Any CPU.Build.0 = Release|Any CPU
		{C4577C2D-6713-46A7-85F6-9976334E3316}.Debug|Any CPU.ActiveCfg = Debug|Any CPU
		{C4577C2D-6713-46A7-85F6-9976334E3316}.Debug|Any CPU.Build.0 = Debug|Any CPU
		{C4577C2D-6713-46A7-85F6-9976334E3316}.Release|Any CPU.ActiveCfg = Release|Any CPU
		{C4577C2D-6713-46A7-85F6-9976334E3316}.Release|Any CPU.Build.0 = Release|Any CPU
		{ED5F3F8D-49B3-4CE5-BF7E-A85B5EEEB805}.Debug|Any CPU.ActiveCfg = Debug|Any CPU
		{ED5F3F8D-49B3-4CE5-BF7E-A85B5EEEB805}.Debug|Any CPU.Build.0 = Debug|Any CPU
		{ED5F3F8D-49B3-4CE5-BF7E-A85B5EEEB805}.Release|Any CPU.ActiveCfg = Release|Any CPU
		{ED5F3F8D-49B3-4CE5-BF7E-A85B5EEEB805}.Release|Any CPU.Build.0 = Release|Any CPU
		{51DF6696-6515-4E70-9074-05EF38E19A5D}.Debug|Any CPU.ActiveCfg = Debug|Any CPU
		{51DF6696-6515-4E70-9074-05EF38E19A5D}.Debug|Any CPU.Build.0 = Debug|Any CPU
		{51DF6696-6515-4E70-9074-05EF38E19A5D}.Release|Any CPU.ActiveCfg = Release|Any CPU
		{51DF6696-6515-4E70-9074-05EF38E19A5D}.Release|Any CPU.Build.0 = Release|Any CPU
	EndGlobalSection
	GlobalSection(SolutionProperties) = preSolution
		HideSolutionNode = FALSE
	EndGlobalSection
	GlobalSection(ExtensibilityGlobals) = postSolution
		SolutionGuid = {6CF50E40-52D7-46B2-BD57-881001E8B6A5}
	EndGlobalSection
EndGlobal
